
Microsoft Visual Studio Solution File, Format Version 12.00
# Visual Studio Version 17
VisualStudioVersion = 17.5.33627.172
MinimumVisualStudioVersion = 10.0.40219.1
Project("{FAE04EC0-301F-11D3-BF4B-00C04F79EFBC}") = "01.Generics", "Lesson15.Generics\01.Generics.csproj", "{86225D16-00A4-4CFC-B1AE-715879A70B4D}"
EndProject
Project("{FAE04EC0-301F-11D3-BF4B-00C04F79EFBC}") = "02.Generics", "02.Generics\02.Generics.csproj", "{B7D0E487-7497-4716-B992-287B7EC250D5}"
EndProject
Project("{FAE04EC0-301F-11D3-BF4B-00C04F79EFBC}") = "03.Generics", "03.Generics\03.Generics.csproj", "{87CCEA43-62DF-4B78-9CCF-33AE31C9CA2E}"
EndProject
Project("{FAE04EC0-301F-11D3-BF4B-00C04F79EFBC}") = "04.Generics", "04.Generics\04.Generics.csproj", "{59204F5F-FA6D-4D01-A7AD-C880940C971F}"
EndProject
Project("{FAE04EC0-301F-11D3-BF4B-00C04F79EFBC}") = "05.Generics", "05.Generics\05.Generics.csproj", "{A843EA80-8E89-4C21-898A-E9176983979F}"
EndProject
Project("{FAE04EC0-301F-11D3-BF4B-00C04F79EFBC}") = "06.Generics", "06.Generics\06.Generics.csproj", "{0BADF055-13C6-46B6-BD5D-AAF61A659259}"
EndProject
Project("{FAE04EC0-301F-11D3-BF4B-00C04F79EFBC}") = "07.Generics", "07.Generics\07.Generics.csproj", "{4FD3A65E-8B30-4801-A894-6B9C61EF37EB}"
EndProject
Project("{FAE04EC0-301F-11D3-BF4B-00C04F79EFBC}") = "08.Generics", "08.Generics\08.Generics.csproj", "{E870F4BE-BA95-4270-9D18-EA226BDB85FD}"
EndProject
Project("{FAE04EC0-301F-11D3-BF4B-00C04F79EFBC}") = "09.Generics", "09.Generics\09.Generics.csproj", "{3606D91F-957F-43C0-A9D4-B706EEB0A62B}"
EndProject
Project("{FAE04EC0-301F-11D3-BF4B-00C04F79EFBC}") = "10.Generics", "10.Generics\10.Generics.csproj", "{9DAB192D-BFE9-430D-9DFF-E95FAF88DC27}"
EndProject
Project("{FAE04EC0-301F-11D3-BF4B-00C04F79EFBC}") = "11.Generics", "11.Generic\11.Generics.csproj", "{CD7BA62B-77FC-4C13-9454-EFC3D199C8C9}"
EndProject
Project("{FAE04EC0-301F-11D3-BF4B-00C04F79EFBC}") = "12.Generics", "12.Generic\12.Generics.csproj", "{A2F6AA0B-360C-4CC9-8CC5-592A42FF68A2}"
EndProject
Project("{FAE04EC0-301F-11D3-BF4B-00C04F79EFBC}") = "13.Generics", "13.Generics\13.Generics.csproj", "{144A7EC1-FA71-425B-95CE-5513AF317FD3}"
EndProject
Project("{FAE04EC0-301F-11D3-BF4B-00C04F79EFBC}") = "14.Generics", "14.Generics\14.Generics.csproj", "{F0B50D6B-0234-4DED-9560-9C13B55D7B0E}"
EndProject
Project("{FAE04EC0-301F-11D3-BF4B-00C04F79EFBC}") = "15.Generics", "15.Generics\15.Generics.csproj", "{F2198829-87CC-4DAD-A58C-2EF1BF488450}"
EndProject
Project("{FAE04EC0-301F-11D3-BF4B-00C04F79EFBC}") = "16.Generics", "16.Generics\16.Generics.csproj", "{DA9A61E8-825D-4D88-93B6-00BAFE2F055E}"
EndProject
Project("{FAE04EC0-301F-11D3-BF4B-00C04F79EFBC}") = "17.Generics", "17.Generics\17.Generics.csproj", "{FF607419-09FE-4691-B8BA-36DFA1D403BC}"
EndProject
Project("{FAE04EC0-301F-11D3-BF4B-00C04F79EFBC}") = "18.Generics", "18.Generics\18.Generics.csproj", "{ECD03487-C396-4472-8A0D-A15563A5B460}"
EndProject
Project("{FAE04EC0-301F-11D3-BF4B-00C04F79EFBC}") = "19.Generics", "19.Generics\19.Generics.csproj", "{0176B39F-BB49-43CA-90F9-67B2360B642F}"
EndProject
Project("{FAE04EC0-301F-11D3-BF4B-00C04F79EFBC}") = "20.Generics", "20.Generics\20.Generics.csproj", "{55F93E62-B7BB-47F5-8ED9-C867AE34FFE8}"
EndProject
Project("{FAE04EC0-301F-11D3-BF4B-00C04F79EFBC}") = "21.Generics", "21.Generics\21.Generics.csproj", "{615E4CB1-F453-49D4-87ED-FADE6D84D437}"
EndProject
Project("{FAE04EC0-301F-11D3-BF4B-00C04F79EFBC}") = "22.Nullable", "22\22.Nullable.csproj", "{137B43AC-974D-43E8-A201-F83F265D01CA}"
EndProject
Project("{FAE04EC0-301F-11D3-BF4B-00C04F79EFBC}") = "23.Nullable", "23.Nullable\23.Nullable.csproj", "{C6949F3D-8217-4E31-84EC-1E8885725377}"
EndProject
Project("{FAE04EC0-301F-11D3-BF4B-00C04F79EFBC}") = "24.Nullable", "24.Nullable\24.Nullable.csproj", "{1B710687-034B-444C-8563-1379C83D0496}"
EndProject
Project("{FAE04EC0-301F-11D3-BF4B-00C04F79EFBC}") = "25.Nullable", "25.Nullable\25.Nullable.csproj", "{EA405701-5C29-4DD7-848E-513FFC6111FB}"
EndProject
Project("{FAE04EC0-301F-11D3-BF4B-00C04F79EFBC}") = "26.Nullable", "26.Nullable\26.Nullable.csproj", "{0CD08BBE-D50A-467D-B4C6-543F537D3D5A}"
EndProject
Global
	GlobalSection(SolutionConfigurationPlatforms) = preSolution
		Debug|Any CPU = Debug|Any CPU
		Release|Any CPU = Release|Any CPU
	EndGlobalSection
	GlobalSection(ProjectConfigurationPlatforms) = postSolution
		{86225D16-00A4-4CFC-B1AE-715879A70B4D}.Debug|Any CPU.ActiveCfg = Debug|Any CPU
		{86225D16-00A4-4CFC-B1AE-715879A70B4D}.Debug|Any CPU.Build.0 = Debug|Any CPU
		{86225D16-00A4-4CFC-B1AE-715879A70B4D}.Release|Any CPU.ActiveCfg = Release|Any CPU
		{86225D16-00A4-4CFC-B1AE-715879A70B4D}.Release|Any CPU.Build.0 = Release|Any CPU
		{B7D0E487-7497-4716-B992-287B7EC250D5}.Debug|Any CPU.ActiveCfg = Debug|Any CPU
		{B7D0E487-7497-4716-B992-287B7EC250D5}.Debug|Any CPU.Build.0 = Debug|Any CPU
		{B7D0E487-7497-4716-B992-287B7EC250D5}.Release|Any CPU.ActiveCfg = Release|Any CPU
		{B7D0E487-7497-4716-B992-287B7EC250D5}.Release|Any CPU.Build.0 = Release|Any CPU
		{87CCEA43-62DF-4B78-9CCF-33AE31C9CA2E}.Debug|Any CPU.ActiveCfg = Debug|Any CPU
		{87CCEA43-62DF-4B78-9CCF-33AE31C9CA2E}.Debug|Any CPU.Build.0 = Debug|Any CPU
		{87CCEA43-62DF-4B78-9CCF-33AE31C9CA2E}.Release|Any CPU.ActiveCfg = Release|Any CPU
		{87CCEA43-62DF-4B78-9CCF-33AE31C9CA2E}.Release|Any CPU.Build.0 = Release|Any CPU
		{59204F5F-FA6D-4D01-A7AD-C880940C971F}.Debug|Any CPU.ActiveCfg = Debug|Any CPU
		{59204F5F-FA6D-4D01-A7AD-C880940C971F}.Debug|Any CPU.Build.0 = Debug|Any CPU
		{59204F5F-FA6D-4D01-A7AD-C880940C971F}.Release|Any CPU.ActiveCfg = Release|Any CPU
		{59204F5F-FA6D-4D01-A7AD-C880940C971F}.Release|Any CPU.Build.0 = Release|Any CPU
		{A843EA80-8E89-4C21-898A-E9176983979F}.Debug|Any CPU.ActiveCfg = Debug|Any CPU
		{A843EA80-8E89-4C21-898A-E9176983979F}.Debug|Any CPU.Build.0 = Debug|Any CPU
		{A843EA80-8E89-4C21-898A-E9176983979F}.Release|Any CPU.ActiveCfg = Release|Any CPU
		{A843EA80-8E89-4C21-898A-E9176983979F}.Release|Any CPU.Build.0 = Release|Any CPU
		{0BADF055-13C6-46B6-BD5D-AAF61A659259}.Debug|Any CPU.ActiveCfg = Debug|Any CPU
		{0BADF055-13C6-46B6-BD5D-AAF61A659259}.Debug|Any CPU.Build.0 = Debug|Any CPU
		{0BADF055-13C6-46B6-BD5D-AAF61A659259}.Release|Any CPU.ActiveCfg = Release|Any CPU
		{0BADF055-13C6-46B6-BD5D-AAF61A659259}.Release|Any CPU.Build.0 = Release|Any CPU
		{4FD3A65E-8B30-4801-A894-6B9C61EF37EB}.Debug|Any CPU.ActiveCfg = Debug|Any CPU
		{4FD3A65E-8B30-4801-A894-6B9C61EF37EB}.Debug|Any CPU.Build.0 = Debug|Any CPU
		{4FD3A65E-8B30-4801-A894-6B9C61EF37EB}.Release|Any CPU.ActiveCfg = Release|Any CPU
		{4FD3A65E-8B30-4801-A894-6B9C61EF37EB}.Release|Any CPU.Build.0 = Release|Any CPU
		{E870F4BE-BA95-4270-9D18-EA226BDB85FD}.Debug|Any CPU.ActiveCfg = Debug|Any CPU
		{E870F4BE-BA95-4270-9D18-EA226BDB85FD}.Debug|Any CPU.Build.0 = Debug|Any CPU
		{E870F4BE-BA95-4270-9D18-EA226BDB85FD}.Release|Any CPU.ActiveCfg = Release|Any CPU
		{E870F4BE-BA95-4270-9D18-EA226BDB85FD}.Release|Any CPU.Build.0 = Release|Any CPU
		{3606D91F-957F-43C0-A9D4-B706EEB0A62B}.Debug|Any CPU.ActiveCfg = Debug|Any CPU
		{3606D91F-957F-43C0-A9D4-B706EEB0A62B}.Debug|Any CPU.Build.0 = Debug|Any CPU
		{3606D91F-957F-43C0-A9D4-B706EEB0A62B}.Release|Any CPU.ActiveCfg = Release|Any CPU
		{3606D91F-957F-43C0-A9D4-B706EEB0A62B}.Release|Any CPU.Build.0 = Release|Any CPU
		{9DAB192D-BFE9-430D-9DFF-E95FAF88DC27}.Debug|Any CPU.ActiveCfg = Debug|Any CPU
		{9DAB192D-BFE9-430D-9DFF-E95FAF88DC27}.Debug|Any CPU.Build.0 = Debug|Any CPU
		{9DAB192D-BFE9-430D-9DFF-E95FAF88DC27}.Release|Any CPU.ActiveCfg = Release|Any CPU
		{9DAB192D-BFE9-430D-9DFF-E95FAF88DC27}.Release|Any CPU.Build.0 = Release|Any CPU
		{CD7BA62B-77FC-4C13-9454-EFC3D199C8C9}.Debug|Any CPU.ActiveCfg = Debug|Any CPU
		{CD7BA62B-77FC-4C13-9454-EFC3D199C8C9}.Debug|Any CPU.Build.0 = Debug|Any CPU
		{CD7BA62B-77FC-4C13-9454-EFC3D199C8C9}.Release|Any CPU.ActiveCfg = Release|Any CPU
		{CD7BA62B-77FC-4C13-9454-EFC3D199C8C9}.Release|Any CPU.Build.0 = Release|Any CPU
		{A2F6AA0B-360C-4CC9-8CC5-592A42FF68A2}.Debug|Any CPU.ActiveCfg = Debug|Any CPU
		{A2F6AA0B-360C-4CC9-8CC5-592A42FF68A2}.Debug|Any CPU.Build.0 = Debug|Any CPU
		{A2F6AA0B-360C-4CC9-8CC5-592A42FF68A2}.Release|Any CPU.ActiveCfg = Release|Any CPU
		{A2F6AA0B-360C-4CC9-8CC5-592A42FF68A2}.Release|Any CPU.Build.0 = Release|Any CPU
		{144A7EC1-FA71-425B-95CE-5513AF317FD3}.Debug|Any CPU.ActiveCfg = Debug|Any CPU
		{144A7EC1-FA71-425B-95CE-5513AF317FD3}.Debug|Any CPU.Build.0 = Debug|Any CPU
		{144A7EC1-FA71-425B-95CE-5513AF317FD3}.Release|Any CPU.ActiveCfg = Release|Any CPU
		{144A7EC1-FA71-425B-95CE-5513AF317FD3}.Release|Any CPU.Build.0 = Release|Any CPU
		{F0B50D6B-0234-4DED-9560-9C13B55D7B0E}.Debug|Any CPU.ActiveCfg = Debug|Any CPU
		{F0B50D6B-0234-4DED-9560-9C13B55D7B0E}.Debug|Any CPU.Build.0 = Debug|Any CPU
		{F0B50D6B-0234-4DED-9560-9C13B55D7B0E}.Release|Any CPU.ActiveCfg = Release|Any CPU
		{F0B50D6B-0234-4DED-9560-9C13B55D7B0E}.Release|Any CPU.Build.0 = Release|Any CPU
		{F2198829-87CC-4DAD-A58C-2EF1BF488450}.Debug|Any CPU.ActiveCfg = Debug|Any CPU
		{F2198829-87CC-4DAD-A58C-2EF1BF488450}.Debug|Any CPU.Build.0 = Debug|Any CPU
		{F2198829-87CC-4DAD-A58C-2EF1BF488450}.Release|Any CPU.ActiveCfg = Release|Any CPU
		{F2198829-87CC-4DAD-A58C-2EF1BF488450}.Release|Any CPU.Build.0 = Release|Any CPU
		{DA9A61E8-825D-4D88-93B6-00BAFE2F055E}.Debug|Any CPU.ActiveCfg = Debug|Any CPU
		{DA9A61E8-825D-4D88-93B6-00BAFE2F055E}.Debug|Any CPU.Build.0 = Debug|Any CPU
		{DA9A61E8-825D-4D88-93B6-00BAFE2F055E}.Release|Any CPU.ActiveCfg = Release|Any CPU
		{DA9A61E8-825D-4D88-93B6-00BAFE2F055E}.Release|Any CPU.Build.0 = Release|Any CPU
		{FF607419-09FE-4691-B8BA-36DFA1D403BC}.Debug|Any CPU.ActiveCfg = Debug|Any CPU
		{FF607419-09FE-4691-B8BA-36DFA1D403BC}.Debug|Any CPU.Build.0 = Debug|Any CPU
		{FF607419-09FE-4691-B8BA-36DFA1D403BC}.Release|Any CPU.ActiveCfg = Release|Any CPU
		{FF607419-09FE-4691-B8BA-36DFA1D403BC}.Release|Any CPU.Build.0 = Release|Any CPU
		{ECD03487-C396-4472-8A0D-A15563A5B460}.Debug|Any CPU.ActiveCfg = Debug|Any CPU
		{ECD03487-C396-4472-8A0D-A15563A5B460}.Debug|Any CPU.Build.0 = Debug|Any CPU
		{ECD03487-C396-4472-8A0D-A15563A5B460}.Release|Any CPU.ActiveCfg = Release|Any CPU
		{ECD03487-C396-4472-8A0D-A15563A5B460}.Release|Any CPU.Build.0 = Release|Any CPU
		{0176B39F-BB49-43CA-90F9-67B2360B642F}.Debug|Any CPU.ActiveCfg = Debug|Any CPU
		{0176B39F-BB49-43CA-90F9-67B2360B642F}.Debug|Any CPU.Build.0 = Debug|Any CPU
		{0176B39F-BB49-43CA-90F9-67B2360B642F}.Release|Any CPU.ActiveCfg = Release|Any CPU
		{0176B39F-BB49-43CA-90F9-67B2360B642F}.Release|Any CPU.Build.0 = Release|Any CPU
		{55F93E62-B7BB-47F5-8ED9-C867AE34FFE8}.Debug|Any CPU.ActiveCfg = Debug|Any CPU
		{55F93E62-B7BB-47F5-8ED9-C867AE34FFE8}.Debug|Any CPU.Build.0 = Debug|Any CPU
		{55F93E62-B7BB-47F5-8ED9-C867AE34FFE8}.Release|Any CPU.ActiveCfg = Release|Any CPU
		{55F93E62-B7BB-47F5-8ED9-C867AE34FFE8}.Release|Any CPU.Build.0 = Release|Any CPU
		{615E4CB1-F453-49D4-87ED-FADE6D84D437}.Debug|Any CPU.ActiveCfg = Debug|Any CPU
		{615E4CB1-F453-49D4-87ED-FADE6D84D437}.Debug|Any CPU.Build.0 = Debug|Any CPU
		{615E4CB1-F453-49D4-87ED-FADE6D84D437}.Release|Any CPU.ActiveCfg = Release|Any CPU
		{615E4CB1-F453-49D4-87ED-FADE6D84D437}.Release|Any CPU.Build.0 = Release|Any CPU
		{137B43AC-974D-43E8-A201-F83F265D01CA}.Debug|Any CPU.ActiveCfg = Debug|Any CPU
		{137B43AC-974D-43E8-A201-F83F265D01CA}.Debug|Any CPU.Build.0 = Debug|Any CPU
		{137B43AC-974D-43E8-A201-F83F265D01CA}.Release|Any CPU.ActiveCfg = Release|Any CPU
		{137B43AC-974D-43E8-A201-F83F265D01CA}.Release|Any CPU.Build.0 = Release|Any CPU
		{C6949F3D-8217-4E31-84EC-1E8885725377}.Debug|Any CPU.ActiveCfg = Debug|Any CPU
		{C6949F3D-8217-4E31-84EC-1E8885725377}.Debug|Any CPU.Build.0 = Debug|Any CPU
		{C6949F3D-8217-4E31-84EC-1E8885725377}.Release|Any CPU.ActiveCfg = Release|Any CPU
		{C6949F3D-8217-4E31-84EC-1E8885725377}.Release|Any CPU.Build.0 = Release|Any CPU
		{1B710687-034B-444C-8563-1379C83D0496}.Debug|Any CPU.ActiveCfg = Debug|Any CPU
		{1B710687-034B-444C-8563-1379C83D0496}.Debug|Any CPU.Build.0 = Debug|Any CPU
		{1B710687-034B-444C-8563-1379C83D0496}.Release|Any CPU.ActiveCfg = Release|Any CPU
		{1B710687-034B-444C-8563-1379C83D0496}.Release|Any CPU.Build.0 = Release|Any CPU
		{EA405701-5C29-4DD7-848E-513FFC6111FB}.Debug|Any CPU.ActiveCfg = Debug|Any CPU
		{EA405701-5C29-4DD7-848E-513FFC6111FB}.Debug|Any CPU.Build.0 = Debug|Any CPU
		{EA405701-5C29-4DD7-848E-513FFC6111FB}.Release|Any CPU.ActiveCfg = Release|Any CPU
		{EA405701-5C29-4DD7-848E-513FFC6111FB}.Release|Any CPU.Build.0 = Release|Any CPU
		{0CD08BBE-D50A-467D-B4C6-543F537D3D5A}.Debug|Any CPU.ActiveCfg = Debug|Any CPU
		{0CD08BBE-D50A-467D-B4C6-543F537D3D5A}.Debug|Any CPU.Build.0 = Debug|Any CPU
		{0CD08BBE-D50A-467D-B4C6-543F537D3D5A}.Release|Any CPU.ActiveCfg = Release|Any CPU
		{0CD08BBE-D50A-467D-B4C6-543F537D3D5A}.Release|Any CPU.Build.0 = Release|Any CPU
	EndGlobalSection
	GlobalSection(SolutionProperties) = preSolution
		HideSolutionNode = FALSE
	EndGlobalSection
	GlobalSection(ExtensibilityGlobals) = postSolution
		SolutionGuid = {E705AF47-48CF-4F54-B64F-01C4F4CEE14C}
	EndGlobalSection
EndGlobal
